
Microsoft Visual Studio Solution File, Format Version 12.00
# Visual Studio Version 17
VisualStudioVersion = 17.2.32602.215
MinimumVisualStudioVersion = 10.0.40219.1
Project("{FAE04EC0-301F-11D3-BF4B-00C04F79EFBC}") = "Contabancaria", "Contabancaria\Contabancaria.csproj", "{694A0A93-A51E-4ED7-8113-9D4265C4B7F0}"
EndProject
Global
	GlobalSection(SolutionConfigurationPlatforms) = preSolution
		Debug|Any CPU = Debug|Any CPU
		Release|Any CPU = Release|Any CPU
	EndGlobalSection
	GlobalSection(ProjectConfigurationPlatforms) = postSolution
		{694A0A93-A51E-4ED7-8113-9D4265C4B7F0}.Debug|Any CPU.ActiveCfg = Debug|Any CPU
		{694A0A93-A51E-4ED7-8113-9D4265C4B7F0}.Debug|Any CPU.Build.0 = Debug|Any CPU
		{694A0A93-A51E-4ED7-8113-9D4265C4B7F0}.Release|Any CPU.ActiveCfg = Release|Any CPU
		{694A0A93-A51E-4ED7-8113-9D4265C4B7F0}.Release|Any CPU.Build.0 = Release|Any CPU
	EndGlobalSection
	GlobalSection(SolutionProperties) = preSolution
		HideSolutionNode = FALSE
	EndGlobalSection
	GlobalSection(ExtensibilityGlobals) = postSolution
		SolutionGuid = {A11BABFB-0BA7-4CE2-A89E-F4BDD3775B30}
	EndGlobalSection
EndGlobal
